// !$*UTF8*$!
{
	archiveVersion = 1;
	classes = {
	};
	objectVersion = 46;
	objects = {

/* Begin PBXBuildFile section */
		3898E1981AB258BD006FAA4F /* AppDelegate.swift in Sources */ = {isa = PBXBuildFile; fileRef = 3898E1971AB258BD006FAA4F /* AppDelegate.swift */; };
		3898E19A1AB258BD006FAA4F /* ViewController.swift in Sources */ = {isa = PBXBuildFile; fileRef = 3898E1991AB258BD006FAA4F /* ViewController.swift */; };
		3898E19D1AB258BD006FAA4F /* Main.storyboard in Resources */ = {isa = PBXBuildFile; fileRef = 3898E19B1AB258BD006FAA4F /* Main.storyboard */; };
		3898E19F1AB258BD006FAA4F /* Images.xcassets in Resources */ = {isa = PBXBuildFile; fileRef = 3898E19E1AB258BD006FAA4F /* Images.xcassets */; };
		3898E1A21AB258BD006FAA4F /* LaunchScreen.xib in Resources */ = {isa = PBXBuildFile; fileRef = 3898E1A01AB258BD006FAA4F /* LaunchScreen.xib */; };
		3898E1AE1AB258BD006FAA4F /* PostcardTests.swift in Sources */ = {isa = PBXBuildFile; fileRef = 3898E1AD1AB258BD006FAA4F /* PostcardTests.swift */; };
/* End PBXBuildFile section */

/* Begin PBXContainerItemProxy section */
		3898E1A81AB258BD006FAA4F /* PBXContainerItemProxy */ = {
			isa = PBXContainerItemProxy;
			containerPortal = 3898E18A1AB258BC006FAA4F /* Project object */;
			proxyType = 1;
			remoteGlobalIDString = 3898E1911AB258BD006FAA4F;
			remoteInfo = Postcard;
		};
/* End PBXContainerItemProxy section */

/* Begin PBXFileReference section */
		3898E1921AB258BD006FAA4F /* Postcard.app */ = {isa = PBXFileReference; explicitFileType = wrapper.application; includeInIndex = 0; path = Postcard.app; sourceTree = BUILT_PRODUCTS_DIR; };
		3898E1961AB258BD006FAA4F /* Info.plist */ = {isa = PBXFileReference; lastKnownFileType = text.plist.xml; path = Info.plist; sourceTree = "<group>"; };
		3898E1971AB258BD006FAA4F /* AppDelegate.swift */ = {isa = PBXFileReference; lastKnownFileType = sourcecode.swift; path = AppDelegate.swift; sourceTree = "<group>"; };
		3898E1991AB258BD006FAA4F /* ViewController.swift */ = {isa = PBXFileReference; lastKnownFileType = sourcecode.swift; path = ViewController.swift; sourceTree = "<group>"; };
		3898E19C1AB258BD006FAA4F /* Base */ = {isa = PBXFileReference; lastKnownFileType = file.storyboard; name = Base; path = Base.lproj/Main.storyboard; sourceTree = "<group>"; };
		3898E19E1AB258BD006FAA4F /* Images.xcassets */ = {isa = PBXFileReference; lastKnownFileType = folder.assetcatalog; path = Images.xcassets; sourceTree = "<group>"; };
		3898E1A11AB258BD006FAA4F /* Base */ = {isa = PBXFileReference; lastKnownFileType = file.xib; name = Base; path = Base.lproj/LaunchScreen.xib; sourceTree = "<group>"; };
		3898E1A71AB258BD006FAA4F /* PostcardTests.xctest */ = {isa = PBXFileReference; explicitFileType = wrapper.cfbundle; includeInIndex = 0; path = PostcardTests.xctest; sourceTree = BUILT_PRODUCTS_DIR; };
		3898E1AC1AB258BD006FAA4F /* Info.plist */ = {isa = PBXFileReference; lastKnownFileType = text.plist.xml; path = Info.plist; sourceTree = "<group>"; };
		3898E1AD1AB258BD006FAA4F /* PostcardTests.swift */ = {isa = PBXFileReference; lastKnownFileType = sourcecode.swift; path = PostcardTests.swift; sourceTree = "<group>"; };
/* End PBXFileReference section */

/* Begin PBXFrameworksBuildPhase section */
		3898E18F1AB258BD006FAA4F /* Frameworks */ = {
			isa = PBXFrameworksBuildPhase;
			buildActionMask = 2147483647;
			files = (
			);
			runOnlyForDeploymentPostprocessing = 0;
		};
		3898E1A41AB258BD006FAA4F /* Frameworks */ = {
			isa = PBXFrameworksBuildPhase;
			buildActionMask = 2147483647;
			files = (
			);
			runOnlyForDeploymentPostprocessing = 0;
		};
/* End PBXFrameworksBuildPhase section */

/* Begin PBXGroup section */
		3898E1891AB258BC006FAA4F = {
			isa = PBXGroup;
			children = (
				3898E1941AB258BD006FAA4F /* Postcard */,
				3898E1AA1AB258BD006FAA4F /* PostcardTests */,
				3898E1931AB258BD006FAA4F /* Products */,
			);
			sourceTree = "<group>";
		};
		3898E1931AB258BD006FAA4F /* Products */ = {
			isa = PBXGroup;
			children = (
				3898E1921AB258BD006FAA4F /* Postcard.app */,
				3898E1A71AB258BD006FAA4F /* PostcardTests.xctest */,
			);
			name = Products;
			sourceTree = "<group>";
		};
		3898E1941AB258BD006FAA4F /* Postcard */ = {
			isa = PBXGroup;
			children = (
				3898E1971AB258BD006FAA4F /* AppDelegate.swift */,
				3898E1991AB258BD006FAA4F /* ViewController.swift */,
				3898E19B1AB258BD006FAA4F /* Main.storyboard */,
				3898E19E1AB258BD006FAA4F /* Images.xcassets */,
				3898E1A01AB258BD006FAA4F /* LaunchScreen.xib */,
				3898E1951AB258BD006FAA4F /* Supporting Files */,
			);
			path = Postcard;
			sourceTree = "<group>";
		};
		3898E1951AB258BD006FAA4F /* Supporting Files */ = {
			isa = PBXGroup;
			children = (
				3898E1961AB258BD006FAA4F /* Info.plist */,
			);
			name = "Supporting Files";
			sourceTree = "<group>";
		};
		3898E1AA1AB258BD006FAA4F /* PostcardTests */ = {
			isa = PBXGroup;
			children = (
				3898E1AD1AB258BD006FAA4F /* PostcardTests.swift */,
				3898E1AB1AB258BD006FAA4F /* Supporting Files */,
			);
			path = PostcardTests;
			sourceTree = "<group>";
		};
		3898E1AB1AB258BD006FAA4F /* Supporting Files */ = {
			isa = PBXGroup;
			children = (
				3898E1AC1AB258BD006FAA4F /* Info.plist */,
			);
			name = "Supporting Files";
			sourceTree = "<group>";
		};
/* End PBXGroup section */

/* Begin PBXNativeTarget section */
		3898E1911AB258BD006FAA4F /* Postcard */ = {
			isa = PBXNativeTarget;
			buildConfigurationList = 3898E1B11AB258BD006FAA4F /* Build configuration list for PBXNativeTarget "Postcard" */;
			buildPhases = (
				3898E18E1AB258BD006FAA4F /* Sources */,
				3898E18F1AB258BD006FAA4F /* Frameworks */,
				3898E1901AB258BD006FAA4F /* Resources */,
			);
			buildRules = (
			);
			dependencies = (
			);
			name = Postcard;
			productName = Postcard;
			productReference = 3898E1921AB258BD006FAA4F /* Postcard.app */;
			productType = "com.apple.product-type.application";
		};
		3898E1A61AB258BD006FAA4F /* PostcardTests */ = {
			isa = PBXNativeTarget;
			buildConfigurationList = 3898E1B41AB258BD006FAA4F /* Build configuration list for PBXNativeTarget "PostcardTests" */;
			buildPhases = (
				3898E1A31AB258BD006FAA4F /* Sources */,
				3898E1A41AB258BD006FAA4F /* Frameworks */,
				3898E1A51AB258BD006FAA4F /* Resources */,
			);
			buildRules = (
			);
			dependencies = (
				3898E1A91AB258BD006FAA4F /* PBXTargetDependency */,
			);
			name = PostcardTests;
			productName = PostcardTests;
			productReference = 3898E1A71AB258BD006FAA4F /* PostcardTests.xctest */;
			productType = "com.apple.product-type.bundle.unit-test";
		};
/* End PBXNativeTarget section */

/* Begin PBXProject section */
		3898E18A1AB258BC006FAA4F /* Project object */ = {
			isa = PBXProject;
			attributes = {
				LastUpgradeCheck = 0610;
				ORGANIZATIONNAME = "Ian Grey";
				TargetAttributes = {
					3898E1911AB258BD006FAA4F = {
						CreatedOnToolsVersion = 6.1.1;
					};
					3898E1A61AB258BD006FAA4F = {
						CreatedOnToolsVersion = 6.1.1;
						TestTargetID = 3898E1911AB258BD006FAA4F;
					};
				};
			};
			buildConfigurationList = 3898E18D1AB258BC006FAA4F /* Build configuration list for PBXProject "Postcard" */;
			compatibilityVersion = "Xcode 3.2";
			developmentRegion = English;
			hasScannedForEncodings = 0;
			knownRegions = (
				en,
				Base,
			);
			mainGroup = 3898E1891AB258BC006FAA4F;
			productRefGroup = 3898E1931AB258BD006FAA4F /* Products */;
			projectDirPath = "";
			projectRoot = "";
			targets = (
				3898E1911AB258BD006FAA4F /* Postcard */,
				3898E1A61AB258BD006FAA4F /* PostcardTests */,
			);
		};
/* End PBXProject section */

/* Begin PBXResourcesBuildPhase section */
		3898E1901AB258BD006FAA4F /* Resources */ = {
			isa = PBXResourcesBuildPhase;
			buildActionMask = 2147483647;
			files = (
				3898E19D1AB258BD006FAA4F /* Main.storyboard in Resources */,
				3898E1A21AB258BD006FAA4F /* LaunchScreen.xib in Resources */,
				3898E19F1AB258BD006FAA4F /* Images.xcassets in Resources */,
			);
			runOnlyForDeploymentPostprocessing = 0;
		};
		3898E1A51AB258BD006FAA4F /* Resources */ = {
			isa = PBXResourcesBuildPhase;
			buildActionMask = 2147483647;
			files = (
			);
			runOnlyForDeploymentPostprocessing = 0;
		};
/* End PBXResourcesBuildPhase section */

/* Begin PBXSourcesBuildPhase section */
		3898E18E1AB258BD006FAA4F /* Sources */ = {
			isa = PBXSourcesBuildPhase;
			buildActionMask = 2147483647;
			files = (
				3898E19A1AB258BD006FAA4F /* ViewController.swift in Sources */,
				3898E1981AB258BD006FAA4F /* AppDelegate.swift in Sources */,
			);
			runOnlyForDeploymentPostprocessing = 0;
		};
		3898E1A31AB258BD006FAA4F /* Sources */ = {
			isa = PBXSourcesBuildPhase;
			buildActionMask = 2147483647;
			files = (
				3898E1AE1AB258BD006FAA4F /* PostcardTests.swift in Sources */,
			);
			runOnlyForDeploymentPostprocessing = 0;
		};
/* End PBXSourcesBuildPhase section */

/* Begin PBXTargetDependency section */
		3898E1A91AB258BD006FAA4F /* PBXTargetDependency */ = {
			isa = PBXTargetDependency;
			target = 3898E1911AB258BD006FAA4F /* Postcard */;
			targetProxy = 3898E1A81AB258BD006FAA4F /* PBXContainerItemProxy */;
		};
/* End PBXTargetDependency section */

/* Begin PBXVariantGroup section */
		3898E19B1AB258BD006FAA4F /* Main.storyboard */ = {
			isa = PBXVariantGroup;
			children = (
				3898E19C1AB258BD006FAA4F /* Base */,
			);
			name = Main.storyboard;
			sourceTree = "<group>";
		};
		3898E1A01AB258BD006FAA4F /* LaunchScreen.xib */ = {
			isa = PBXVariantGroup;
			children = (
				3898E1A11AB258BD006FAA4F /* Base */,
			);
			name = LaunchScreen.xib;
			sourceTree = "<group>";
		};
/* End PBXVariantGroup section */

/* Begin XCBuildConfiguration section */
		3898E1AF1AB258BD006FAA4F /* Debug */ = {
			isa = XCBuildConfiguration;
			buildSettings = {
				ALWAYS_SEARCH_USER_PATHS = NO;
				CLANG_CXX_LANGUAGE_STANDARD = "gnu++0x";
				CLANG_CXX_LIBRARY = "libc++";
				CLANG_ENABLE_MODULES = YES;
				CLANG_ENABLE_OBJC_ARC = YES;
				CLANG_WARN_BOOL_CONVERSION = YES;
				CLANG_WARN_CONSTANT_CONVERSION = YES;
				CLANG_WARN_DIRECT_OBJC_ISA_USAGE = YES_ERROR;
				CLANG_WARN_EMPTY_BODY = YES;
				CLANG_WARN_ENUM_CONVERSION = YES;
				CLANG_WARN_INT_CONVERSION = YES;
				CLANG_WARN_OBJC_ROOT_CLASS = YES_ERROR;
				CLANG_WARN_UNREACHABLE_CODE = YES;
				CLANG_WARN__DUPLICATE_METHOD_MATCH = YES;
				"CODE_SIGN_IDENTITY[sdk=iphoneos*]" = "iPhone Developer";
				COPY_PHASE_STRIP = NO;
				ENABLE_STRICT_OBJC_MSGSEND = YES;
				GCC_C_LANGUAGE_STANDARD = gnu99;
				GCC_DYNAMIC_NO_PIC = NO;
				GCC_OPTIMIZATION_LEVEL = 0;
				GCC_PREPROCESSOR_DEFINITIONS = (
					"DEBUG=1",
					"$(inherited)",
				);
				GCC_SYMBOLS_PRIVATE_EXTERN = NO;
				GCC_WARN_64_TO_32_BIT_CONVERSION = YES;
				GCC_WARN_ABOUT_RETURN_TYPE = YES_ERROR;
				GCC_WARN_UNDECLARED_SELECTOR = YES;
				GCC_WARN_UNINITIALIZED_AUTOS = YES_AGGRESSIVE;
				GCC_WARN_UNUSED_FUNCTION = YES;
				GCC_WARN_UNUSED_VARIABLE = YES;
				IPHONEOS_DEPLOYMENT_TARGET = 8.1;
				MTL_ENABLE_DEBUG_INFO = YES;
				ONLY_ACTIVE_ARCH = YES;
				SDKROOT = iphoneos;
				SWIFT_OPTIMIZATION_LEVEL = "-Onone";
				TARGETED_DEVICE_FAMILY = "1,2";
			};
			name = Debug;
		};
		3898E1B01AB258BD006FAA4F /* Release */ = {
			isa = XCBuildConfiguration;
			buildSettings = {
				ALWAYS_SEARCH_USER_PATHS = NO;
				CLANG_CXX_LANGUAGE_STANDARD = "gnu++0x";
				CLANG_CXX_LIBRARY = "libc++";
				CLANG_ENABLE_MODULES = YES;
				CLANG_ENABLE_OBJC_ARC = YES;
				CLANG_WARN_BOOL_CONVERSION = YES;
				CLANG_WARN_CONSTANT_CONVERSION = YES;
				CLANG_WARN_DIRECT_OBJC_ISA_USAGE = YES_ERROR;
				CLANG_WARN_EMPTY_BODY = YES;
				CLANG_WARN_ENUM_CONVERSION = YES;
				CLANG_WARN_INT_CONVERSION = YES;
				CLANG_WARN_OBJC_ROOT_CLASS = YES_ERROR;
				CLANG_WARN_UNREACHABLE_CODE = YES;
				CLANG_WARN__DUPLICATE_METHOD_MATCH = YES;
				"CODE_SIGN_IDENTITY[sdk=iphoneos*]" = "iPhone Developer";
				COPY_PHASE_STRIP = YES;
				ENABLE_NS_ASSERTIONS = NO;
				ENABLE_STRICT_OBJC_MSGSEND = YES;
				GCC_C_LANGUAGE_STANDARD = gnu99;
				GCC_WARN_64_TO_32_BIT_CONVERSION = YES;
				GCC_WARN_ABOUT_RETURN_TYPE = YES_ERROR;
				GCC_WARN_UNDECLARED_SELECTOR = YES;
				GCC_WARN_UNINITIALIZED_AUTOS = YES_AGGRESSIVE;
				GCC_WARN_UNUSED_FUNCTION = YES;
				GCC_WARN_UNUSED_VARIABLE = YES;
				IPHONEOS_DEPLOYMENT_TARGET = 8.1;
				MTL_ENABLE_DEBUG_INFO = NO;
				SDKROOT = iphoneos;
				TARGETED_DEVICE_FAMILY = "1,2";
				VALIDATE_PRODUCT = YES;
			};
			name = Release;
		};
		3898E1B21AB258BD006FAA4F /* Debug */ = {
			isa = XCBuildConfiguration;
			buildSettings = {
				ASSETCATALOG_COMPILER_APPICON_NAME = AppIcon;
				INFOPLIST_FILE = Postcard/Info.plist;
				LD_RUNPATH_SEARCH_PATHS = "$(inherited) @executable_path/Frameworks";
				PRODUCT_NAME = "$(TARGET_NAME)";
			};
			name = Debug;
		};
		3898E1B31AB258BD006FAA4F /* Release */ = {
			isa = XCBuildConfiguration;
			buildSettings = {
				ASSETCATALOG_COMPILER_APPICON_NAME = AppIcon;
				INFOPLIST_FILE = Postcard/Info.plist;
				LD_RUNPATH_SEARCH_PATHS = "$(inherited) @executable_path/Frameworks";
				PRODUCT_NAME = "$(TARGET_NAME)";
			};
			name = Release;
		};
		3898E1B51AB258BD006FAA4F /* Debug */ = {
			isa = XCBuildConfiguration;
			buildSettings = {
				BUNDLE_LOADER = "$(TEST_HOST)";
				FRAMEWORK_SEARCH_PATHS = (
					"$(SDKROOT)/Developer/Library/Frameworks",
					"$(inherited)",
				);
				GCC_PREPROCESSOR_DEFINITIONS = (
					"DEBUG=1",
					"$(inherited)",
				);
				INFOPLIST_FILE = PostcardTests/Info.plist;
				LD_RUNPATH_SEARCH_PATHS = "$(inherited) @executable_path/Frameworks @loader_path/Frameworks";
				PRODUCT_NAME = "$(TARGET_NAME)";
				TEST_HOST = "$(BUILT_PRODUCTS_DIR)/Postcard.app/Postcard";
			};
			name = Debug;
		};
		3898E1B61AB258BD006FAA4F /* Release */ = {
			isa = XCBuildConfiguration;
			buildSettings = {
				BUNDLE_LOADER = "$(TEST_HOST)";
				FRAMEWORK_SEARCH_PATHS = (
					"$(SDKROOT)/Developer/Library/Frameworks",
					"$(inherited)",
				);
				INFOPLIST_FILE = PostcardTests/Info.plist;
				LD_RUNPATH_SEARCH_PATHS = "$(inherited) @executable_path/Frameworks @loader_path/Frameworks";
				PRODUCT_NAME = "$(TARGET_NAME)";
				TEST_HOST = "$(BUILT_PRODUCTS_DIR)/Postcard.app/Postcard";
			};
			name = Release;
		};
/* End XCBuildConfiguration section */

/* Begin XCConfigurationList section */
		3898E18D1AB258BC006FAA4F /* Build configuration list for PBXProject "Postcard" */ = {
			isa = XCConfigurationList;
			buildConfigurations = (
				3898E1AF1AB258BD006FAA4F /* Debug */,
				3898E1B01AB258BD006FAA4F /* Release */,
			);
			defaultConfigurationIsVisible = 0;
			defaultConfigurationName = Release;
		};
		3898E1B11AB258BD006FAA4F /* Build configuration list for PBXNativeTarget "Postcard" */ = {
			isa = XCConfigurationList;
			buildConfigurations = (
				3898E1B21AB258BD006FAA4F /* Debug */,
				3898E1B31AB258BD006FAA4F /* Release */,
			);
			defaultConfigurationIsVisible = 0;
		};
		3898E1B41AB258BD006FAA4F /* Build configuration list for PBXNativeTarget "PostcardTests" */ = {
			isa = XCConfigurationList;
			buildConfigurations = (
				3898E1B51AB258BD006FAA4F /* Debug */,
				3898E1B61AB258BD006FAA4F /* Release */,
			);
			defaultConfigurationIsVisible = 0;
		};
/* End XCConfigurationList section */
	};
	rootObject = 3898E18A1AB258BC006FAA4F /* Project object */;
}
